
Microsoft Visual Studio Solution File, Format Version 12.00
# Visual Studio Version 17
VisualStudioVersion = 17.7.34221.43
MinimumVisualStudioVersion = 10.0.40219.1
Project("{FAE04EC0-301F-11D3-BF4B-00C04F79EFBC}") = "Quicksort", "Quicksort\Quicksort.csproj", "{FF520EF9-45B8-4DC7-BE6D-B749233EE2EE}"
EndProject
Global
	GlobalSection(SolutionConfigurationPlatforms) = preSolution
		Debug|Any CPU = Debug|Any CPU
		Release|Any CPU = Release|Any CPU
	EndGlobalSection
	GlobalSection(ProjectConfigurationPlatforms) = postSolution
		{FF520EF9-45B8-4DC7-BE6D-B749233EE2EE}.Debug|Any CPU.ActiveCfg = Debug|Any CPU
		{FF520EF9-45B8-4DC7-BE6D-B749233EE2EE}.Debug|Any CPU.Build.0 = Debug|Any CPU
		{FF520EF9-45B8-4DC7-BE6D-B749233EE2EE}.Release|Any CPU.ActiveCfg = Release|Any CPU
		{FF520EF9-45B8-4DC7-BE6D-B749233EE2EE}.Release|Any CPU.Build.0 = Release|Any CPU
	EndGlobalSection
	GlobalSection(SolutionProperties) = preSolution
		HideSolutionNode = FALSE
	EndGlobalSection
	GlobalSection(ExtensibilityGlobals) = postSolution
		SolutionGuid = {CFBF70D0-14E4-4A3A-AD83-02B3AA6E6909}
	EndGlobalSection
EndGlobal
